// !$*UTF8*$!
{
	archiveVersion = 1;
	classes = {
	};
	objectVersion = 56;
	objects = {

/* Begin PBXBuildFile section */
		027BD2352A187F61008458DF /* DetailView.swift in Sources */ = {isa = PBXBuildFile; fileRef = 027BD2342A187F61008458DF /* DetailView.swift */; };
		027BD2382A1895DD008458DF /* Book.swift in Sources */ = {isa = PBXBuildFile; fileRef = 027BD2372A1895DD008458DF /* Book.swift */; };
		027BD23A2A18969A008458DF /* SecondTabView.swift in Sources */ = {isa = PBXBuildFile; fileRef = 027BD2392A18969A008458DF /* SecondTabView.swift */; };
		027BD23C2A18978F008458DF /* BookDestinationView.swift in Sources */ = {isa = PBXBuildFile; fileRef = 027BD23B2A18978F008458DF /* BookDestinationView.swift */; };
		027BD23E2A189DDC008458DF /* ThridTabView.swift in Sources */ = {isa = PBXBuildFile; fileRef = 027BD23D2A189DDC008458DF /* ThridTabView.swift */; };
		027BD2402A189E12008458DF /* Movie.swift in Sources */ = {isa = PBXBuildFile; fileRef = 027BD23F2A189E12008458DF /* Movie.swift */; };
		027BD2422A189E93008458DF /* Song.swift in Sources */ = {isa = PBXBuildFile; fileRef = 027BD2412A189E93008458DF /* Song.swift */; };
		027BD2442A18C6E7008458DF /* ModelDataManager.swift in Sources */ = {isa = PBXBuildFile; fileRef = 027BD2432A18C6E7008458DF /* ModelDataManager.swift */; };
		027BD2462A18C785008458DF /* RootView.swift in Sources */ = {isa = PBXBuildFile; fileRef = 027BD2452A18C785008458DF /* RootView.swift */; };
		027BD2482A18CC03008458DF /* SongDetailView.swift in Sources */ = {isa = PBXBuildFile; fileRef = 027BD2472A18CC03008458DF /* SongDetailView.swift */; };
		027BD24A2A18CCD1008458DF /* SettingsView.swift in Sources */ = {isa = PBXBuildFile; fileRef = 027BD2492A18CCD1008458DF /* SettingsView.swift */; };
		027BD24C2A18CD04008458DF /* BookDetailView.swift in Sources */ = {isa = PBXBuildFile; fileRef = 027BD24B2A18CD04008458DF /* BookDetailView.swift */; };
		027BD24E2A196381008458DF /* MovieDetailView.swift in Sources */ = {isa = PBXBuildFile; fileRef = 027BD24D2A196381008458DF /* MovieDetailView.swift */; };
		027BD2502A196F34008458DF /* NavigationStateManager.swift in Sources */ = {isa = PBXBuildFile; fileRef = 027BD24F2A196F34008458DF /* NavigationStateManager.swift */; };
		02849EE62A18773300B71BE0 /* Navigation_SwiftUIApp.swift in Sources */ = {isa = PBXBuildFile; fileRef = 02849EE52A18773300B71BE0 /* Navigation_SwiftUIApp.swift */; };
		02849EE82A18773300B71BE0 /* ContentView.swift in Sources */ = {isa = PBXBuildFile; fileRef = 02849EE72A18773300B71BE0 /* ContentView.swift */; };
		02849EEA2A18773400B71BE0 /* Assets.xcassets in Resources */ = {isa = PBXBuildFile; fileRef = 02849EE92A18773400B71BE0 /* Assets.xcassets */; };
		02849EEE2A18773400B71BE0 /* Preview Assets.xcassets in Resources */ = {isa = PBXBuildFile; fileRef = 02849EED2A18773400B71BE0 /* Preview Assets.xcassets */; };
		02849EFA2A187BA100B71BE0 /* FirstTabView.swift in Sources */ = {isa = PBXBuildFile; fileRef = 02849EF92A187BA100B71BE0 /* FirstTabView.swift */; };
/* End PBXBuildFile section */

/* Begin PBXFileReference section */
		027BD2342A187F61008458DF /* DetailView.swift */ = {isa = PBXFileReference; lastKnownFileType = sourcecode.swift; path = DetailView.swift; sourceTree = "<group>"; };
		027BD2372A1895DD008458DF /* Book.swift */ = {isa = PBXFileReference; lastKnownFileType = sourcecode.swift; path = Book.swift; sourceTree = "<group>"; };
		027BD2392A18969A008458DF /* SecondTabView.swift */ = {isa = PBXFileReference; lastKnownFileType = sourcecode.swift; path = SecondTabView.swift; sourceTree = "<group>"; };
		027BD23B2A18978F008458DF /* BookDestinationView.swift */ = {isa = PBXFileReference; lastKnownFileType = sourcecode.swift; path = BookDestinationView.swift; sourceTree = "<group>"; };
		027BD23D2A189DDC008458DF /* ThridTabView.swift */ = {isa = PBXFileReference; lastKnownFileType = sourcecode.swift; path = ThridTabView.swift; sourceTree = "<group>"; };
		027BD23F2A189E12008458DF /* Movie.swift */ = {isa = PBXFileReference; lastKnownFileType = sourcecode.swift; path = Movie.swift; sourceTree = "<group>"; };
		027BD2412A189E93008458DF /* Song.swift */ = {isa = PBXFileReference; lastKnownFileType = sourcecode.swift; path = Song.swift; sourceTree = "<group>"; };
		027BD2432A18C6E7008458DF /* ModelDataManager.swift */ = {isa = PBXFileReference; lastKnownFileType = sourcecode.swift; path = ModelDataManager.swift; sourceTree = "<group>"; };
		027BD2452A18C785008458DF /* RootView.swift */ = {isa = PBXFileReference; lastKnownFileType = sourcecode.swift; path = RootView.swift; sourceTree = "<group>"; };
		027BD2472A18CC03008458DF /* SongDetailView.swift */ = {isa = PBXFileReference; lastKnownFileType = sourcecode.swift; path = SongDetailView.swift; sourceTree = "<group>"; };
		027BD2492A18CCD1008458DF /* SettingsView.swift */ = {isa = PBXFileReference; lastKnownFileType = sourcecode.swift; path = SettingsView.swift; sourceTree = "<group>"; };
		027BD24B2A18CD04008458DF /* BookDetailView.swift */ = {isa = PBXFileReference; lastKnownFileType = sourcecode.swift; path = BookDetailView.swift; sourceTree = "<group>"; };
		027BD24D2A196381008458DF /* MovieDetailView.swift */ = {isa = PBXFileReference; lastKnownFileType = sourcecode.swift; path = MovieDetailView.swift; sourceTree = "<group>"; };
		027BD24F2A196F34008458DF /* NavigationStateManager.swift */ = {isa = PBXFileReference; lastKnownFileType = sourcecode.swift; path = NavigationStateManager.swift; sourceTree = "<group>"; };
		02849EE22A18773300B71BE0 /* Navigation SwiftUI.app */ = {isa = PBXFileReference; explicitFileType = wrapper.application; includeInIndex = 0; path = "Navigation SwiftUI.app"; sourceTree = BUILT_PRODUCTS_DIR; };
		02849EE52A18773300B71BE0 /* Navigation_SwiftUIApp.swift */ = {isa = PBXFileReference; lastKnownFileType = sourcecode.swift; path = Navigation_SwiftUIApp.swift; sourceTree = "<group>"; };
		02849EE72A18773300B71BE0 /* ContentView.swift */ = {isa = PBXFileReference; lastKnownFileType = sourcecode.swift; path = ContentView.swift; sourceTree = "<group>"; };
		02849EE92A18773400B71BE0 /* Assets.xcassets */ = {isa = PBXFileReference; lastKnownFileType = folder.assetcatalog; path = Assets.xcassets; sourceTree = "<group>"; };
		02849EEB2A18773400B71BE0 /* Navigation_SwiftUI.entitlements */ = {isa = PBXFileReference; lastKnownFileType = text.plist.entitlements; path = Navigation_SwiftUI.entitlements; sourceTree = "<group>"; };
		02849EED2A18773400B71BE0 /* Preview Assets.xcassets */ = {isa = PBXFileReference; lastKnownFileType = folder.assetcatalog; path = "Preview Assets.xcassets"; sourceTree = "<group>"; };
		02849EF92A187BA100B71BE0 /* FirstTabView.swift */ = {isa = PBXFileReference; lastKnownFileType = sourcecode.swift; path = FirstTabView.swift; sourceTree = "<group>"; };
/* End PBXFileReference section */

/* Begin PBXFrameworksBuildPhase section */
		02849EDF2A18773300B71BE0 /* Frameworks */ = {
			isa = PBXFrameworksBuildPhase;
			buildActionMask = 2147483647;
			files = (
			);
			runOnlyForDeploymentPostprocessing = 0;
		};
/* End PBXFrameworksBuildPhase section */

/* Begin PBXGroup section */
		027BD2362A1895D1008458DF /* model */ = {
			isa = PBXGroup;
			children = (
				027BD2372A1895DD008458DF /* Book.swift */,
				027BD23F2A189E12008458DF /* Movie.swift */,
				027BD2412A189E93008458DF /* Song.swift */,
			);
			path = model;
			sourceTree = "<group>";
		};
		027BD2512A196F46008458DF /* ViewModel */ = {
			isa = PBXGroup;
			children = (
				027BD2432A18C6E7008458DF /* ModelDataManager.swift */,
				027BD24F2A196F34008458DF /* NavigationStateManager.swift */,
			);
			path = ViewModel;
			sourceTree = "<group>";
		};
		02849ED92A18773300B71BE0 = {
			isa = PBXGroup;
			children = (
				02849EE42A18773300B71BE0 /* Navigation SwiftUI */,
				02849EE32A18773300B71BE0 /* Products */,
			);
			sourceTree = "<group>";
		};
		02849EE32A18773300B71BE0 /* Products */ = {
			isa = PBXGroup;
			children = (
				02849EE22A18773300B71BE0 /* Navigation SwiftUI.app */,
			);
			name = Products;
			sourceTree = "<group>";
		};
		02849EE42A18773300B71BE0 /* Navigation SwiftUI */ = {
			isa = PBXGroup;
			children = (
				027BD2362A1895D1008458DF /* model */,
				02849EF62A187B6B00B71BE0 /* ThirdTab */,
				02849EF52A187B5700B71BE0 /* SecondTab */,
				02849EF42A187B4D00B71BE0 /* FirstTab */,
				02849EE52A18773300B71BE0 /* Navigation_SwiftUIApp.swift */,
				02849EE72A18773300B71BE0 /* ContentView.swift */,
				02849EE92A18773400B71BE0 /* Assets.xcassets */,
				02849EEB2A18773400B71BE0 /* Navigation_SwiftUI.entitlements */,
				02849EEC2A18773400B71BE0 /* Preview Content */,
			);
			path = "Navigation SwiftUI";
			sourceTree = "<group>";
		};
		02849EEC2A18773400B71BE0 /* Preview Content */ = {
			isa = PBXGroup;
			children = (
				02849EED2A18773400B71BE0 /* Preview Assets.xcassets */,
			);
			path = "Preview Content";
			sourceTree = "<group>";
		};
		02849EF42A187B4D00B71BE0 /* FirstTab */ = {
			isa = PBXGroup;
			children = (
				02849EF92A187BA100B71BE0 /* FirstTabView.swift */,
				027BD2342A187F61008458DF /* DetailView.swift */,
			);
			path = FirstTab;
			sourceTree = "<group>";
		};
		02849EF52A187B5700B71BE0 /* SecondTab */ = {
			isa = PBXGroup;
			children = (
				027BD2392A18969A008458DF /* SecondTabView.swift */,
				027BD23B2A18978F008458DF /* BookDestinationView.swift */,
			);
			path = SecondTab;
			sourceTree = "<group>";
		};
		02849EF62A187B6B00B71BE0 /* ThirdTab */ = {
			isa = PBXGroup;
			children = (
				027BD2512A196F46008458DF /* ViewModel */,
				027BD23D2A189DDC008458DF /* ThridTabView.swift */,
				027BD2452A18C785008458DF /* RootView.swift */,
				027BD2472A18CC03008458DF /* SongDetailView.swift */,
				027BD2492A18CCD1008458DF /* SettingsView.swift */,
				027BD24B2A18CD04008458DF /* BookDetailView.swift */,
				027BD24D2A196381008458DF /* MovieDetailView.swift */,
			);
			path = ThirdTab;
			sourceTree = "<group>";
		};
/* End PBXGroup section */

/* Begin PBXNativeTarget section */
		02849EE12A18773300B71BE0 /* Navigation SwiftUI */ = {
			isa = PBXNativeTarget;
			buildConfigurationList = 02849EF12A18773400B71BE0 /* Build configuration list for PBXNativeTarget "Navigation SwiftUI" */;
			buildPhases = (
				02849EDE2A18773300B71BE0 /* Sources */,
				02849EDF2A18773300B71BE0 /* Frameworks */,
				02849EE02A18773300B71BE0 /* Resources */,
			);
			buildRules = (
			);
			dependencies = (
			);
			name = "Navigation SwiftUI";
			productName = "Navigation SwiftUI";
			productReference = 02849EE22A18773300B71BE0 /* Navigation SwiftUI.app */;
			productType = "com.apple.product-type.application";
		};
/* End PBXNativeTarget section */

/* Begin PBXProject section */
		02849EDA2A18773300B71BE0 /* Project object */ = {
			isa = PBXProject;
			attributes = {
				BuildIndependentTargetsInParallel = 1;
				LastSwiftUpdateCheck = 1430;
				LastUpgradeCheck = 1430;
				TargetAttributes = {
					02849EE12A18773300B71BE0 = {
						CreatedOnToolsVersion = 14.3;
					};
				};
			};
			buildConfigurationList = 02849EDD2A18773300B71BE0 /* Build configuration list for PBXProject "Navigation SwiftUI" */;
			compatibilityVersion = "Xcode 14.0";
			developmentRegion = en;
			hasScannedForEncodings = 0;
			knownRegions = (
				en,
				Base,
			);
			mainGroup = 02849ED92A18773300B71BE0;
			productRefGroup = 02849EE32A18773300B71BE0 /* Products */;
			projectDirPath = "";
			projectRoot = "";
			targets = (
				02849EE12A18773300B71BE0 /* Navigation SwiftUI */,
			);
		};
/* End PBXProject section */

/* Begin PBXResourcesBuildPhase section */
		02849EE02A18773300B71BE0 /* Resources */ = {
			isa = PBXResourcesBuildPhase;
			buildActionMask = 2147483647;
			files = (
				02849EEE2A18773400B71BE0 /* Preview Assets.xcassets in Resources */,
				02849EEA2A18773400B71BE0 /* Assets.xcassets in Resources */,
			);
			runOnlyForDeploymentPostprocessing = 0;
		};
/* End PBXResourcesBuildPhase section */

/* Begin PBXSourcesBuildPhase section */
		02849EDE2A18773300B71BE0 /* Sources */ = {
			isa = PBXSourcesBuildPhase;
			buildActionMask = 2147483647;
			files = (
				02849EE82A18773300B71BE0 /* ContentView.swift in Sources */,
				027BD23C2A18978F008458DF /* BookDestinationView.swift in Sources */,
				027BD2402A189E12008458DF /* Movie.swift in Sources */,
				027BD2502A196F34008458DF /* NavigationStateManager.swift in Sources */,
				027BD23E2A189DDC008458DF /* ThridTabView.swift in Sources */,
				027BD2422A189E93008458DF /* Song.swift in Sources */,
				027BD2352A187F61008458DF /* DetailView.swift in Sources */,
				02849EFA2A187BA100B71BE0 /* FirstTabView.swift in Sources */,
				027BD24C2A18CD04008458DF /* BookDetailView.swift in Sources */,
				027BD24A2A18CCD1008458DF /* SettingsView.swift in Sources */,
				027BD2442A18C6E7008458DF /* ModelDataManager.swift in Sources */,
				027BD2462A18C785008458DF /* RootView.swift in Sources */,
				027BD2382A1895DD008458DF /* Book.swift in Sources */,
				027BD23A2A18969A008458DF /* SecondTabView.swift in Sources */,
				027BD2482A18CC03008458DF /* SongDetailView.swift in Sources */,
				027BD24E2A196381008458DF /* MovieDetailView.swift in Sources */,
				02849EE62A18773300B71BE0 /* Navigation_SwiftUIApp.swift in Sources */,
			);
			runOnlyForDeploymentPostprocessing = 0;
		};
/* End PBXSourcesBuildPhase section */

/* Begin XCBuildConfiguration section */
		02849EEF2A18773400B71BE0 /* Debug */ = {
			isa = XCBuildConfiguration;
			buildSettings = {
				ALWAYS_SEARCH_USER_PATHS = NO;
				CLANG_ANALYZER_NONNULL = YES;
				CLANG_ANALYZER_NUMBER_OBJECT_CONVERSION = YES_AGGRESSIVE;
				CLANG_CXX_LANGUAGE_STANDARD = "gnu++20";
				CLANG_ENABLE_MODULES = YES;
				CLANG_ENABLE_OBJC_ARC = YES;
				CLANG_ENABLE_OBJC_WEAK = YES;
				CLANG_WARN_BLOCK_CAPTURE_AUTORELEASING = YES;
				CLANG_WARN_BOOL_CONVERSION = YES;
				CLANG_WARN_COMMA = YES;
				CLANG_WARN_CONSTANT_CONVERSION = YES;
				CLANG_WARN_DEPRECATED_OBJC_IMPLEMENTATIONS = YES;
				CLANG_WARN_DIRECT_OBJC_ISA_USAGE = YES_ERROR;
				CLANG_WARN_DOCUMENTATION_COMMENTS = YES;
				CLANG_WARN_EMPTY_BODY = YES;
				CLANG_WARN_ENUM_CONVERSION = YES;
				CLANG_WARN_INFINITE_RECURSION = YES;
				CLANG_WARN_INT_CONVERSION = YES;
				CLANG_WARN_NON_LITERAL_NULL_CONVERSION = YES;
				CLANG_WARN_OBJC_IMPLICIT_RETAIN_SELF = YES;
				CLANG_WARN_OBJC_LITERAL_CONVERSION = YES;
				CLANG_WARN_OBJC_ROOT_CLASS = YES_ERROR;
				CLANG_WARN_QUOTED_INCLUDE_IN_FRAMEWORK_HEADER = YES;
				CLANG_WARN_RANGE_LOOP_ANALYSIS = YES;
				CLANG_WARN_STRICT_PROTOTYPES = YES;
				CLANG_WARN_SUSPICIOUS_MOVE = YES;
				CLANG_WARN_UNGUARDED_AVAILABILITY = YES_AGGRESSIVE;
				CLANG_WARN_UNREACHABLE_CODE = YES;
				CLANG_WARN__DUPLICATE_METHOD_MATCH = YES;
				COPY_PHASE_STRIP = NO;
				DEBUG_INFORMATION_FORMAT = dwarf;
				ENABLE_STRICT_OBJC_MSGSEND = YES;
				ENABLE_TESTABILITY = YES;
				GCC_C_LANGUAGE_STANDARD = gnu11;
				GCC_DYNAMIC_NO_PIC = NO;
				GCC_NO_COMMON_BLOCKS = YES;
				GCC_OPTIMIZATION_LEVEL = 0;
				GCC_PREPROCESSOR_DEFINITIONS = (
					"DEBUG=1",
					"$(inherited)",
				);
				GCC_WARN_64_TO_32_BIT_CONVERSION = YES;
				GCC_WARN_ABOUT_RETURN_TYPE = YES_ERROR;
				GCC_WARN_UNDECLARED_SELECTOR = YES;
				GCC_WARN_UNINITIALIZED_AUTOS = YES_AGGRESSIVE;
				GCC_WARN_UNUSED_FUNCTION = YES;
				GCC_WARN_UNUSED_VARIABLE = YES;
				MTL_ENABLE_DEBUG_INFO = INCLUDE_SOURCE;
				MTL_FAST_MATH = YES;
				ONLY_ACTIVE_ARCH = YES;
				SWIFT_ACTIVE_COMPILATION_CONDITIONS = DEBUG;
				SWIFT_OPTIMIZATION_LEVEL = "-Onone";
			};
			name = Debug;
		};
		02849EF02A18773400B71BE0 /* Release */ = {
			isa = XCBuildConfiguration;
			buildSettings = {
				ALWAYS_SEARCH_USER_PATHS = NO;
				CLANG_ANALYZER_NONNULL = YES;
				CLANG_ANALYZER_NUMBER_OBJECT_CONVERSION = YES_AGGRESSIVE;
				CLANG_CXX_LANGUAGE_STANDARD = "gnu++20";
				CLANG_ENABLE_MODULES = YES;
				CLANG_ENABLE_OBJC_ARC = YES;
				CLANG_ENABLE_OBJC_WEAK = YES;
				CLANG_WARN_BLOCK_CAPTURE_AUTORELEASING = YES;
				CLANG_WARN_BOOL_CONVERSION = YES;
				CLANG_WARN_COMMA = YES;
				CLANG_WARN_CONSTANT_CONVERSION = YES;
				CLANG_WARN_DEPRECATED_OBJC_IMPLEMENTATIONS = YES;
				CLANG_WARN_DIRECT_OBJC_ISA_USAGE = YES_ERROR;
				CLANG_WARN_DOCUMENTATION_COMMENTS = YES;
				CLANG_WARN_EMPTY_BODY = YES;
				CLANG_WARN_ENUM_CONVERSION = YES;
				CLANG_WARN_INFINITE_RECURSION = YES;
				CLANG_WARN_INT_CONVERSION = YES;
				CLANG_WARN_NON_LITERAL_NULL_CONVERSION = YES;
				CLANG_WARN_OBJC_IMPLICIT_RETAIN_SELF = YES;
				CLANG_WARN_OBJC_LITERAL_CONVERSION = YES;
				CLANG_WARN_OBJC_ROOT_CLASS = YES_ERROR;
				CLANG_WARN_QUOTED_INCLUDE_IN_FRAMEWORK_HEADER = YES;
				CLANG_WARN_RANGE_LOOP_ANALYSIS = YES;
				CLANG_WARN_STRICT_PROTOTYPES = YES;
				CLANG_WARN_SUSPICIOUS_MOVE = YES;
				CLANG_WARN_UNGUARDED_AVAILABILITY = YES_AGGRESSIVE;
				CLANG_WARN_UNREACHABLE_CODE = YES;
				CLANG_WARN__DUPLICATE_METHOD_MATCH = YES;
				COPY_PHASE_STRIP = NO;
				DEBUG_INFORMATION_FORMAT = "dwarf-with-dsym";
				ENABLE_NS_ASSERTIONS = NO;
				ENABLE_STRICT_OBJC_MSGSEND = YES;
				GCC_C_LANGUAGE_STANDARD = gnu11;
				GCC_NO_COMMON_BLOCKS = YES;
				GCC_WARN_64_TO_32_BIT_CONVERSION = YES;
				GCC_WARN_ABOUT_RETURN_TYPE = YES_ERROR;
				GCC_WARN_UNDECLARED_SELECTOR = YES;
				GCC_WARN_UNINITIALIZED_AUTOS = YES_AGGRESSIVE;
				GCC_WARN_UNUSED_FUNCTION = YES;
				GCC_WARN_UNUSED_VARIABLE = YES;
				MTL_ENABLE_DEBUG_INFO = NO;
				MTL_FAST_MATH = YES;
				SWIFT_COMPILATION_MODE = wholemodule;
				SWIFT_OPTIMIZATION_LEVEL = "-O";
			};
			name = Release;
		};
		02849EF22A18773400B71BE0 /* Debug */ = {
			isa = XCBuildConfiguration;
			buildSettings = {
				ASSETCATALOG_COMPILER_APPICON_NAME = AppIcon;
				ASSETCATALOG_COMPILER_GLOBAL_ACCENT_COLOR_NAME = AccentColor;
				CODE_SIGN_ENTITLEMENTS = "Navigation SwiftUI/Navigation_SwiftUI.entitlements";
				CODE_SIGN_STYLE = Automatic;
				CURRENT_PROJECT_VERSION = 1;
				DEVELOPMENT_ASSET_PATHS = "\"Navigation SwiftUI/Preview Content\"";
				DEVELOPMENT_TEAM = 98X7S4Y4AT;
				ENABLE_HARDENED_RUNTIME = YES;
				ENABLE_PREVIEWS = YES;
				GENERATE_INFOPLIST_FILE = YES;
				"INFOPLIST_KEY_UIApplicationSceneManifest_Generation[sdk=iphoneos*]" = YES;
				"INFOPLIST_KEY_UIApplicationSceneManifest_Generation[sdk=iphonesimulator*]" = YES;
				"INFOPLIST_KEY_UIApplicationSupportsIndirectInputEvents[sdk=iphoneos*]" = YES;
				"INFOPLIST_KEY_UIApplicationSupportsIndirectInputEvents[sdk=iphonesimulator*]" = YES;
				"INFOPLIST_KEY_UILaunchScreen_Generation[sdk=iphoneos*]" = YES;
				"INFOPLIST_KEY_UILaunchScreen_Generation[sdk=iphonesimulator*]" = YES;
				"INFOPLIST_KEY_UIStatusBarStyle[sdk=iphoneos*]" = UIStatusBarStyleDefault;
				"INFOPLIST_KEY_UIStatusBarStyle[sdk=iphonesimulator*]" = UIStatusBarStyleDefault;
				INFOPLIST_KEY_UISupportedInterfaceOrientations_iPad = "UIInterfaceOrientationPortrait UIInterfaceOrientationPortraitUpsideDown UIInterfaceOrientationLandscapeLeft UIInterfaceOrientationLandscapeRight";
				INFOPLIST_KEY_UISupportedInterfaceOrientations_iPhone = "UIInterfaceOrientationPortrait UIInterfaceOrientationLandscapeLeft UIInterfaceOrientationLandscapeRight";
				IPHONEOS_DEPLOYMENT_TARGET = 16.4;
				LD_RUNPATH_SEARCH_PATHS = "@executable_path/Frameworks";
				"LD_RUNPATH_SEARCH_PATHS[sdk=macosx*]" = "@executable_path/../Frameworks";
				MACOSX_DEPLOYMENT_TARGET = 13.3;
				MARKETING_VERSION = 1.0;
				PRODUCT_BUNDLE_IDENTIFIER = "markizapp.Navigation-SwiftUI";
				PRODUCT_NAME = "$(TARGET_NAME)";
				SDKROOT = auto;
				SUPPORTED_PLATFORMS = "iphoneos iphonesimulator macosx";
				SWIFT_EMIT_LOC_STRINGS = YES;
				SWIFT_VERSION = 5.0;
				TARGETED_DEVICE_FAMILY = "1,2";
			};
			name = Debug;
		};
		02849EF32A18773400B71BE0 /* Release */ = {
			isa = XCBuildConfiguration;
			buildSettings = {
				ASSETCATALOG_COMPILER_APPICON_NAME = AppIcon;
				ASSETCATALOG_COMPILER_GLOBAL_ACCENT_COLOR_NAME = AccentColor;
				CODE_SIGN_ENTITLEMENTS = "Navigation SwiftUI/Navigation_SwiftUI.entitlements";
				CODE_SIGN_STYLE = Automatic;
				CURRENT_PROJECT_VERSION = 1;
				DEVELOPMENT_ASSET_PATHS = "\"Navigation SwiftUI/Preview Content\"";
				DEVELOPMENT_TEAM = 98X7S4Y4AT;
				ENABLE_HARDENED_RUNTIME = YES;
				ENABLE_PREVIEWS = YES;
				GENERATE_INFOPLIST_FILE = YES;
				"INFOPLIST_KEY_UIApplicationSceneManifest_Generation[sdk=iphoneos*]" = YES;
				"INFOPLIST_KEY_UIApplicationSceneManifest_Generation[sdk=iphonesimulator*]" = YES;
				"INFOPLIST_KEY_UIApplicationSupportsIndirectInputEvents[sdk=iphoneos*]" = YES;
				"INFOPLIST_KEY_UIApplicationSupportsIndirectInputEvents[sdk=iphonesimulator*]" = YES;
				"INFOPLIST_KEY_UILaunchScreen_Generation[sdk=iphoneos*]" = YES;
				"INFOPLIST_KEY_UILaunchScreen_Generation[sdk=iphonesimulator*]" = YES;
				"INFOPLIST_KEY_UIStatusBarStyle[sdk=iphoneos*]" = UIStatusBarStyleDefault;
				"INFOPLIST_KEY_UIStatusBarStyle[sdk=iphonesimulator*]" = UIStatusBarStyleDefault;
				INFOPLIST_KEY_UISupportedInterfaceOrientations_iPad = "UIInterfaceOrientationPortrait UIInterfaceOrientationPortraitUpsideDown UIInterfaceOrientationLandscapeLeft UIInterfaceOrientationLandscapeRight";
				INFOPLIST_KEY_UISupportedInterfaceOrientations_iPhone = "UIInterfaceOrientationPortrait UIInterfaceOrientationLandscapeLeft UIInterfaceOrientationLandscapeRight";
				IPHONEOS_DEPLOYMENT_TARGET = 16.4;
				LD_RUNPATH_SEARCH_PATHS = "@executable_path/Frameworks";
				"LD_RUNPATH_SEARCH_PATHS[sdk=macosx*]" = "@executable_path/../Frameworks";
				MACOSX_DEPLOYMENT_TARGET = 13.3;
				MARKETING_VERSION = 1.0;
				PRODUCT_BUNDLE_IDENTIFIER = "markizapp.Navigation-SwiftUI";
				PRODUCT_NAME = "$(TARGET_NAME)";
				SDKROOT = auto;
				SUPPORTED_PLATFORMS = "iphoneos iphonesimulator macosx";
				SWIFT_EMIT_LOC_STRINGS = YES;
				SWIFT_VERSION = 5.0;
				TARGETED_DEVICE_FAMILY = "1,2";
			};
			name = Release;
		};
/* End XCBuildConfiguration section */

/* Begin XCConfigurationList section */
		02849EDD2A18773300B71BE0 /* Build configuration list for PBXProject "Navigation SwiftUI" */ = {
			isa = XCConfigurationList;
			buildConfigurations = (
				02849EEF2A18773400B71BE0 /* Debug */,
				02849EF02A18773400B71BE0 /* Release */,
			);
			defaultConfigurationIsVisible = 0;
			defaultConfigurationName = Release;
		};
		02849EF12A18773400B71BE0 /* Build configuration list for PBXNativeTarget "Navigation SwiftUI" */ = {
			isa = XCConfigurationList;
			buildConfigurations = (
				02849EF22A18773400B71BE0 /* Debug */,
				02849EF32A18773400B71BE0 /* Release */,
			);
			defaultConfigurationIsVisible = 0;
			defaultConfigurationName = Release;
		};
/* End XCConfigurationList section */
	};
	rootObject = 02849EDA2A18773300B71BE0 /* Project object */;
}
